
Microsoft Visual Studio Solution File, Format Version 12.00
# Visual Studio Version 17
VisualStudioVersion = 17.8.34330.188
MinimumVisualStudioVersion = 10.0.40219.1
Project("{FAE04EC0-301F-11D3-BF4B-00C04F79EFBC}") = "EmailClient", "..\BeiMengWebSchool\Email\EmailClient\EmailClient.csproj", "{FC38B32F-9EBF-461E-8104-6D2F7672F2F2}"
EndProject
Project("{FAE04EC0-301F-11D3-BF4B-00C04F79EFBC}") = "EmailClient.BLL", "..\BeiMengWebSchool\Email\EmailClient.BLL\EmailClient.BLL.csproj", "{1BB28D12-2E21-42CE-8004-DFF789EFD65B}"
EndProject
Project("{2150E333-8FDC-42A3-9474-1A3956D46DE8}") = "Email", "Email", "{F671B9C4-9FAA-4668-926A-CCC486BC7D66}"
EndProject
Project("{FAE04EC0-301F-11D3-BF4B-00C04F79EFBC}") = "EmailClient.DAL", "..\BeiMengWebSchool\Email\EmailClient.DAL\EmailClient.DAL.csproj", "{5EB67AAE-BB0B-4B28-AA5A-21D18E92DDF5}"
EndProject
Project("{FAE04EC0-301F-11D3-BF4B-00C04F79EFBC}") = "EmailClient.Model", "..\BeiMengWebSchool\Email\EmailClient.Model\EmailClient.Model.csproj", "{C99C241E-33E2-4D9F-B849-F1C2C51AE193}"
EndProject
Project("{FAE04EC0-301F-11D3-BF4B-00C04F79EFBC}") = "HotelManagerUI", "..\JokerHotelManager\HotelManagerUI\HotelManagerUI.csproj", "{1BDA62AA-4CC2-493D-BC2B-080026495503}"
EndProject
Project("{2150E333-8FDC-42A3-9474-1A3956D46DE8}") = "Hotel", "Hotel", "{5DAC173D-4444-435F-B14D-E814B92DA237}"
EndProject
Global
	GlobalSection(SolutionConfigurationPlatforms) = preSolution
		Debug|Any CPU = Debug|Any CPU
		Release|Any CPU = Release|Any CPU
	EndGlobalSection
	GlobalSection(ProjectConfigurationPlatforms) = postSolution
		{FC38B32F-9EBF-461E-8104-6D2F7672F2F2}.Debug|Any CPU.ActiveCfg = Debug|Any CPU
		{FC38B32F-9EBF-461E-8104-6D2F7672F2F2}.Debug|Any CPU.Build.0 = Debug|Any CPU
		{FC38B32F-9EBF-461E-8104-6D2F7672F2F2}.Release|Any CPU.ActiveCfg = Release|Any CPU
		{FC38B32F-9EBF-461E-8104-6D2F7672F2F2}.Release|Any CPU.Build.0 = Release|Any CPU
		{1BB28D12-2E21-42CE-8004-DFF789EFD65B}.Debug|Any CPU.ActiveCfg = Debug|Any CPU
		{1BB28D12-2E21-42CE-8004-DFF789EFD65B}.Debug|Any CPU.Build.0 = Debug|Any CPU
		{1BB28D12-2E21-42CE-8004-DFF789EFD65B}.Release|Any CPU.ActiveCfg = Release|Any CPU
		{1BB28D12-2E21-42CE-8004-DFF789EFD65B}.Release|Any CPU.Build.0 = Release|Any CPU
		{5EB67AAE-BB0B-4B28-AA5A-21D18E92DDF5}.Debug|Any CPU.ActiveCfg = Debug|Any CPU
		{5EB67AAE-BB0B-4B28-AA5A-21D18E92DDF5}.Debug|Any CPU.Build.0 = Debug|Any CPU
		{5EB67AAE-BB0B-4B28-AA5A-21D18E92DDF5}.Release|Any CPU.ActiveCfg = Release|Any CPU
		{5EB67AAE-BB0B-4B28-AA5A-21D18E92DDF5}.Release|Any CPU.Build.0 = Release|Any CPU
		{C99C241E-33E2-4D9F-B849-F1C2C51AE193}.Debug|Any CPU.ActiveCfg = Debug|Any CPU
		{C99C241E-33E2-4D9F-B849-F1C2C51AE193}.Debug|Any CPU.Build.0 = Debug|Any CPU
		{C99C241E-33E2-4D9F-B849-F1C2C51AE193}.Release|Any CPU.ActiveCfg = Release|Any CPU
		{C99C241E-33E2-4D9F-B849-F1C2C51AE193}.Release|Any CPU.Build.0 = Release|Any CPU
		{1BDA62AA-4CC2-493D-BC2B-080026495503}.Debug|Any CPU.ActiveCfg = Debug|Any CPU
		{1BDA62AA-4CC2-493D-BC2B-080026495503}.Debug|Any CPU.Build.0 = Debug|Any CPU
		{1BDA62AA-4CC2-493D-BC2B-080026495503}.Release|Any CPU.ActiveCfg = Release|Any CPU
		{1BDA62AA-4CC2-493D-BC2B-080026495503}.Release|Any CPU.Build.0 = Release|Any CPU
	EndGlobalSection
	GlobalSection(SolutionProperties) = preSolution
		HideSolutionNode = FALSE
	EndGlobalSection
	GlobalSection(NestedProjects) = preSolution
		{FC38B32F-9EBF-461E-8104-6D2F7672F2F2} = {F671B9C4-9FAA-4668-926A-CCC486BC7D66}
		{1BB28D12-2E21-42CE-8004-DFF789EFD65B} = {F671B9C4-9FAA-4668-926A-CCC486BC7D66}
		{5EB67AAE-BB0B-4B28-AA5A-21D18E92DDF5} = {F671B9C4-9FAA-4668-926A-CCC486BC7D66}
		{C99C241E-33E2-4D9F-B849-F1C2C51AE193} = {F671B9C4-9FAA-4668-926A-CCC486BC7D66}
		{1BDA62AA-4CC2-493D-BC2B-080026495503} = {5DAC173D-4444-435F-B14D-E814B92DA237}
	EndGlobalSection
	GlobalSection(ExtensibilityGlobals) = postSolution
		SolutionGuid = {AC23375E-E81C-4340-A244-15768D699B47}
	EndGlobalSection
EndGlobal
